// !$*UTF8*$!
{
	archiveVersion = 1;
	classes = {
	};
	objectVersion = 46;
	objects = {

/* Begin PBXBuildFile section */
		844124D81A0507050096DE83 /* AppDelegate.swift in Sources */ = {isa = PBXBuildFile; fileRef = 844124D71A0507050096DE83 /* AppDelegate.swift */; };
		844124DA1A0507050096DE83 /* ViewController.swift in Sources */ = {isa = PBXBuildFile; fileRef = 844124D91A0507050096DE83 /* ViewController.swift */; };
		844124DF1A0507050096DE83 /* Images.xcassets in Resources */ = {isa = PBXBuildFile; fileRef = 844124DE1A0507050096DE83 /* Images.xcassets */; };
		844124E21A0507050096DE83 /* LaunchScreen.xib in Resources */ = {isa = PBXBuildFile; fileRef = 844124E01A0507050096DE83 /* LaunchScreen.xib */; };
		844124EE1A0507050096DE83 /* GawaNativeIosTests.swift in Sources */ = {isa = PBXBuildFile; fileRef = 844124ED1A0507050096DE83 /* GawaNativeIosTests.swift */; };
		844124F91A050DE10096DE83 /* index.html in Resources */ = {isa = PBXBuildFile; fileRef = 844124F81A050DE10096DE83 /* index.html */; };
		844124FD1A0514750096DE83 /* main.js in Resources */ = {isa = PBXBuildFile; fileRef = 844124FC1A0514750096DE83 /* main.js */; };
		844124FF1A0514C90096DE83 /* main.css in Resources */ = {isa = PBXBuildFile; fileRef = 844124FE1A0514C90096DE83 /* main.css */; };
		844125011A0515120096DE83 /* hydlide.png in Resources */ = {isa = PBXBuildFile; fileRef = 844125001A0515120096DE83 /* hydlide.png */; };
		84F16D4C1DEF017500C30D5E /* WebKit.framework in Frameworks */ = {isa = PBXBuildFile; fileRef = 84F16D4B1DEF017500C30D5E /* WebKit.framework */; };
/* End PBXBuildFile section */

/* Begin PBXContainerItemProxy section */
		844124E81A0507050096DE83 /* PBXContainerItemProxy */ = {
			isa = PBXContainerItemProxy;
			containerPortal = 844124CA1A0507050096DE83 /* Project object */;
			proxyType = 1;
			remoteGlobalIDString = 844124D11A0507050096DE83;
			remoteInfo = GawaNativeIos;
		};
/* End PBXContainerItemProxy section */

/* Begin PBXFileReference section */
		844124D21A0507050096DE83 /* GawaNativeIos.app */ = {isa = PBXFileReference; explicitFileType = wrapper.application; includeInIndex = 0; path = GawaNativeIos.app; sourceTree = BUILT_PRODUCTS_DIR; };
		844124D61A0507050096DE83 /* Info.plist */ = {isa = PBXFileReference; lastKnownFileType = text.plist.xml; path = Info.plist; sourceTree = "<group>"; };
		844124D71A0507050096DE83 /* AppDelegate.swift */ = {isa = PBXFileReference; lastKnownFileType = sourcecode.swift; path = AppDelegate.swift; sourceTree = "<group>"; };
		844124D91A0507050096DE83 /* ViewController.swift */ = {isa = PBXFileReference; lastKnownFileType = sourcecode.swift; path = ViewController.swift; sourceTree = "<group>"; };
		844124DE1A0507050096DE83 /* Images.xcassets */ = {isa = PBXFileReference; lastKnownFileType = folder.assetcatalog; path = Images.xcassets; sourceTree = "<group>"; };
		844124E11A0507050096DE83 /* Base */ = {isa = PBXFileReference; lastKnownFileType = file.xib; name = Base; path = Base.lproj/LaunchScreen.xib; sourceTree = "<group>"; };
		844124E71A0507050096DE83 /* GawaNativeIosTests.xctest */ = {isa = PBXFileReference; explicitFileType = wrapper.cfbundle; includeInIndex = 0; path = GawaNativeIosTests.xctest; sourceTree = BUILT_PRODUCTS_DIR; };
		844124EC1A0507050096DE83 /* Info.plist */ = {isa = PBXFileReference; lastKnownFileType = text.plist.xml; path = Info.plist; sourceTree = "<group>"; };
		844124ED1A0507050096DE83 /* GawaNativeIosTests.swift */ = {isa = PBXFileReference; lastKnownFileType = sourcecode.swift; path = GawaNativeIosTests.swift; sourceTree = "<group>"; };
		844124F81A050DE10096DE83 /* index.html */ = {isa = PBXFileReference; fileEncoding = 4; lastKnownFileType = text.html; name = index.html; path = GawaNativeIos/Resources/index.html; sourceTree = "<group>"; };
		844124FC1A0514750096DE83 /* main.js */ = {isa = PBXFileReference; fileEncoding = 4; lastKnownFileType = sourcecode.javascript; name = main.js; path = GawaNativeIos/Resources/main.js; sourceTree = "<group>"; };
		844124FE1A0514C90096DE83 /* main.css */ = {isa = PBXFileReference; fileEncoding = 4; lastKnownFileType = text.css; name = main.css; path = GawaNativeIos/Resources/main.css; sourceTree = "<group>"; };
		844125001A0515120096DE83 /* hydlide.png */ = {isa = PBXFileReference; lastKnownFileType = image.png; name = hydlide.png; path = GawaNativeIos/Resources/hydlide.png; sourceTree = "<group>"; };
		84F16D4B1DEF017500C30D5E /* WebKit.framework */ = {isa = PBXFileReference; lastKnownFileType = wrapper.framework; name = WebKit.framework; path = System/Library/Frameworks/WebKit.framework; sourceTree = SDKROOT; };
/* End PBXFileReference section */

/* Begin PBXFrameworksBuildPhase section */
		844124CF1A0507050096DE83 /* Frameworks */ = {
			isa = PBXFrameworksBuildPhase;
			buildActionMask = 2147483647;
			files = (
				84F16D4C1DEF017500C30D5E /* WebKit.framework in Frameworks */,
			);
			runOnlyForDeploymentPostprocessing = 0;
		};
		844124E41A0507050096DE83 /* Frameworks */ = {
			isa = PBXFrameworksBuildPhase;
			buildActionMask = 2147483647;
			files = (
			);
			runOnlyForDeploymentPostprocessing = 0;
		};
/* End PBXFrameworksBuildPhase section */

/* Begin PBXGroup section */
		844124C91A0507050096DE83 = {
			isa = PBXGroup;
			children = (
				844124D41A0507050096DE83 /* GawaNativeIos */,
				844124EA1A0507050096DE83 /* GawaNativeIosTests */,
				844124D31A0507050096DE83 /* Products */,
				844124F71A050D840096DE83 /* Resources */,
				84F16D4A1DEF017500C30D5E /* Frameworks */,
			);
			sourceTree = "<group>";
		};
		844124D31A0507050096DE83 /* Products */ = {
			isa = PBXGroup;
			children = (
				844124D21A0507050096DE83 /* GawaNativeIos.app */,
				844124E71A0507050096DE83 /* GawaNativeIosTests.xctest */,
			);
			name = Products;
			sourceTree = "<group>";
		};
		844124D41A0507050096DE83 /* GawaNativeIos */ = {
			isa = PBXGroup;
			children = (
				844124D71A0507050096DE83 /* AppDelegate.swift */,
				844124D91A0507050096DE83 /* ViewController.swift */,
				844124DE1A0507050096DE83 /* Images.xcassets */,
				844124E01A0507050096DE83 /* LaunchScreen.xib */,
				844124D51A0507050096DE83 /* Supporting Files */,
			);
			path = GawaNativeIos;
			sourceTree = "<group>";
		};
		844124D51A0507050096DE83 /* Supporting Files */ = {
			isa = PBXGroup;
			children = (
				844124D61A0507050096DE83 /* Info.plist */,
			);
			name = "Supporting Files";
			sourceTree = "<group>";
		};
		844124EA1A0507050096DE83 /* GawaNativeIosTests */ = {
			isa = PBXGroup;
			children = (
				844124ED1A0507050096DE83 /* GawaNativeIosTests.swift */,
				844124EB1A0507050096DE83 /* Supporting Files */,
			);
			path = GawaNativeIosTests;
			sourceTree = "<group>";
		};
		844124EB1A0507050096DE83 /* Supporting Files */ = {
			isa = PBXGroup;
			children = (
				844124EC1A0507050096DE83 /* Info.plist */,
			);
			name = "Supporting Files";
			sourceTree = "<group>";
		};
		844124F71A050D840096DE83 /* Resources */ = {
			isa = PBXGroup;
			children = (
				844125001A0515120096DE83 /* hydlide.png */,
				844124F81A050DE10096DE83 /* index.html */,
				844124FC1A0514750096DE83 /* main.js */,
				844124FE1A0514C90096DE83 /* main.css */,
			);
			name = Resources;
			sourceTree = "<group>";
		};
		84F16D4A1DEF017500C30D5E /* Frameworks */ = {
			isa = PBXGroup;
			children = (
				84F16D4B1DEF017500C30D5E /* WebKit.framework */,
			);
			name = Frameworks;
			sourceTree = "<group>";
		};
/* End PBXGroup section */

/* Begin PBXNativeTarget section */
		844124D11A0507050096DE83 /* GawaNativeIos */ = {
			isa = PBXNativeTarget;
			buildConfigurationList = 844124F11A0507050096DE83 /* Build configuration list for PBXNativeTarget "GawaNativeIos" */;
			buildPhases = (
				844124CE1A0507050096DE83 /* Sources */,
				844124CF1A0507050096DE83 /* Frameworks */,
				844124D01A0507050096DE83 /* Resources */,
			);
			buildRules = (
			);
			dependencies = (
			);
			name = GawaNativeIos;
			productName = GawaNativeIos;
			productReference = 844124D21A0507050096DE83 /* GawaNativeIos.app */;
			productType = "com.apple.product-type.application";
		};
		844124E61A0507050096DE83 /* GawaNativeIosTests */ = {
			isa = PBXNativeTarget;
			buildConfigurationList = 844124F41A0507050096DE83 /* Build configuration list for PBXNativeTarget "GawaNativeIosTests" */;
			buildPhases = (
				844124E31A0507050096DE83 /* Sources */,
				844124E41A0507050096DE83 /* Frameworks */,
				844124E51A0507050096DE83 /* Resources */,
			);
			buildRules = (
			);
			dependencies = (
				844124E91A0507050096DE83 /* PBXTargetDependency */,
			);
			name = GawaNativeIosTests;
			productName = GawaNativeIosTests;
			productReference = 844124E71A0507050096DE83 /* GawaNativeIosTests.xctest */;
			productType = "com.apple.product-type.bundle.unit-test";
		};
/* End PBXNativeTarget section */

/* Begin PBXProject section */
		844124CA1A0507050096DE83 /* Project object */ = {
			isa = PBXProject;
			attributes = {
				LastSwiftUpdateCheck = 0720;
				LastUpgradeCheck = 0810;
				ORGANIZATIONNAME = admin;
				TargetAttributes = {
					844124D11A0507050096DE83 = {
						CreatedOnToolsVersion = 6.1;
						LastSwiftMigration = 0810;
					};
					844124E61A0507050096DE83 = {
						CreatedOnToolsVersion = 6.1;
						LastSwiftMigration = 0810;
						TestTargetID = 844124D11A0507050096DE83;
					};
				};
			};
			buildConfigurationList = 844124CD1A0507050096DE83 /* Build configuration list for PBXProject "GawaNativeIos" */;
			compatibilityVersion = "Xcode 3.2";
			developmentRegion = English;
			hasScannedForEncodings = 0;
			knownRegions = (
				en,
				Base,
			);
			mainGroup = 844124C91A0507050096DE83;
			productRefGroup = 844124D31A0507050096DE83 /* Products */;
			projectDirPath = "";
			projectRoot = "";
			targets = (
				844124D11A0507050096DE83 /* GawaNativeIos */,
				844124E61A0507050096DE83 /* GawaNativeIosTests */,
			);
		};
/* End PBXProject section */

/* Begin PBXResourcesBuildPhase section */
		844124D01A0507050096DE83 /* Resources */ = {
			isa = PBXResourcesBuildPhase;
			buildActionMask = 2147483647;
			files = (
				844124F91A050DE10096DE83 /* index.html in Resources */,
				844124FF1A0514C90096DE83 /* main.css in Resources */,
				844124E21A0507050096DE83 /* LaunchScreen.xib in Resources */,
				844124DF1A0507050096DE83 /* Images.xcassets in Resources */,
				844124FD1A0514750096DE83 /* main.js in Resources */,
				844125011A0515120096DE83 /* hydlide.png in Resources */,
			);
			runOnlyForDeploymentPostprocessing = 0;
		};
		844124E51A0507050096DE83 /* Resources */ = {
			isa = PBXResourcesBuildPhase;
			buildActionMask = 2147483647;
			files = (
			);
			runOnlyForDeploymentPostprocessing = 0;
		};
/* End PBXResourcesBuildPhase section */

/* Begin PBXSourcesBuildPhase section */
		844124CE1A0507050096DE83 /* Sources */ = {
			isa = PBXSourcesBuildPhase;
			buildActionMask = 2147483647;
			files = (
				844124DA1A0507050096DE83 /* ViewController.swift in Sources */,
				844124D81A0507050096DE83 /* AppDelegate.swift in Sources */,
			);
			runOnlyForDeploymentPostprocessing = 0;
		};
		844124E31A0507050096DE83 /* Sources */ = {
			isa = PBXSourcesBuildPhase;
			buildActionMask = 2147483647;
			files = (
				844124EE1A0507050096DE83 /* GawaNativeIosTests.swift in Sources */,
			);
			runOnlyForDeploymentPostprocessing = 0;
		};
/* End PBXSourcesBuildPhase section */

/* Begin PBXTargetDependency section */
		844124E91A0507050096DE83 /* PBXTargetDependency */ = {
			isa = PBXTargetDependency;
			target = 844124D11A0507050096DE83 /* GawaNativeIos */;
			targetProxy = 844124E81A0507050096DE83 /* PBXContainerItemProxy */;
		};
/* End PBXTargetDependency section */

/* Begin PBXVariantGroup section */
		844124E01A0507050096DE83 /* LaunchScreen.xib */ = {
			isa = PBXVariantGroup;
			children = (
				844124E11A0507050096DE83 /* Base */,
			);
			name = LaunchScreen.xib;
			sourceTree = "<group>";
		};
/* End PBXVariantGroup section */

/* Begin XCBuildConfiguration section */
		844124EF1A0507050096DE83 /* Debug */ = {
			isa = XCBuildConfiguration;
			buildSettings = {
				ALWAYS_SEARCH_USER_PATHS = NO;
				CLANG_CXX_LANGUAGE_STANDARD = "gnu++0x";
				CLANG_CXX_LIBRARY = "libc++";
				CLANG_ENABLE_MODULES = YES;
				CLANG_ENABLE_OBJC_ARC = YES;
				CLANG_WARN_BOOL_CONVERSION = YES;
				CLANG_WARN_CONSTANT_CONVERSION = YES;
				CLANG_WARN_DIRECT_OBJC_ISA_USAGE = YES_ERROR;
				CLANG_WARN_EMPTY_BODY = YES;
				CLANG_WARN_ENUM_CONVERSION = YES;
				CLANG_WARN_INFINITE_RECURSION = YES;
				CLANG_WARN_INT_CONVERSION = YES;
				CLANG_WARN_OBJC_ROOT_CLASS = YES_ERROR;
				CLANG_WARN_SUSPICIOUS_MOVE = YES;
				CLANG_WARN_UNREACHABLE_CODE = YES;
				CLANG_WARN__DUPLICATE_METHOD_MATCH = YES;
				"CODE_SIGN_IDENTITY[sdk=iphoneos*]" = "iPhone Developer";
				COPY_PHASE_STRIP = NO;
				ENABLE_STRICT_OBJC_MSGSEND = YES;
				ENABLE_TESTABILITY = YES;
				GCC_C_LANGUAGE_STANDARD = gnu99;
				GCC_DYNAMIC_NO_PIC = NO;
				GCC_NO_COMMON_BLOCKS = YES;
				GCC_OPTIMIZATION_LEVEL = 0;
				GCC_PREPROCESSOR_DEFINITIONS = (
					"DEBUG=1",
					"$(inherited)",
				);
				GCC_SYMBOLS_PRIVATE_EXTERN = NO;
				GCC_WARN_64_TO_32_BIT_CONVERSION = YES;
				GCC_WARN_ABOUT_RETURN_TYPE = YES_ERROR;
				GCC_WARN_UNDECLARED_SELECTOR = YES;
				GCC_WARN_UNINITIALIZED_AUTOS = YES_AGGRESSIVE;
				GCC_WARN_UNUSED_FUNCTION = YES;
				GCC_WARN_UNUSED_VARIABLE = YES;
				IPHONEOS_DEPLOYMENT_TARGET = 8.1;
				MTL_ENABLE_DEBUG_INFO = YES;
				ONLY_ACTIVE_ARCH = YES;
				SDKROOT = iphoneos;
				SWIFT_OPTIMIZATION_LEVEL = "-Onone";
				TARGETED_DEVICE_FAMILY = "1,2";
			};
			name = Debug;
		};
		844124F01A0507050096DE83 /* Release */ = {
			isa = XCBuildConfiguration;
			buildSettings = {
				ALWAYS_SEARCH_USER_PATHS = NO;
				CLANG_CXX_LANGUAGE_STANDARD = "gnu++0x";
				CLANG_CXX_LIBRARY = "libc++";
				CLANG_ENABLE_MODULES = YES;
				CLANG_ENABLE_OBJC_ARC = YES;
				CLANG_WARN_BOOL_CONVERSION = YES;
				CLANG_WARN_CONSTANT_CONVERSION = YES;
				CLANG_WARN_DIRECT_OBJC_ISA_USAGE = YES_ERROR;
				CLANG_WARN_EMPTY_BODY = YES;
				CLANG_WARN_ENUM_CONVERSION = YES;
				CLANG_WARN_INFINITE_RECURSION = YES;
				CLANG_WARN_INT_CONVERSION = YES;
				CLANG_WARN_OBJC_ROOT_CLASS = YES_ERROR;
				CLANG_WARN_SUSPICIOUS_MOVE = YES;
				CLANG_WARN_UNREACHABLE_CODE = YES;
				CLANG_WARN__DUPLICATE_METHOD_MATCH = YES;
				"CODE_SIGN_IDENTITY[sdk=iphoneos*]" = "iPhone Developer";
				COPY_PHASE_STRIP = YES;
				ENABLE_NS_ASSERTIONS = NO;
				ENABLE_STRICT_OBJC_MSGSEND = YES;
				GCC_C_LANGUAGE_STANDARD = gnu99;
				GCC_NO_COMMON_BLOCKS = YES;
				GCC_WARN_64_TO_32_BIT_CONVERSION = YES;
				GCC_WARN_ABOUT_RETURN_TYPE = YES_ERROR;
				GCC_WARN_UNDECLARED_SELECTOR = YES;
				GCC_WARN_UNINITIALIZED_AUTOS = YES_AGGRESSIVE;
				GCC_WARN_UNUSED_FUNCTION = YES;
				GCC_WARN_UNUSED_VARIABLE = YES;
				IPHONEOS_DEPLOYMENT_TARGET = 8.1;
				MTL_ENABLE_DEBUG_INFO = NO;
				SDKROOT = iphoneos;
				SWIFT_OPTIMIZATION_LEVEL = "-Owholemodule";
				TARGETED_DEVICE_FAMILY = "1,2";
				VALIDATE_PRODUCT = YES;
			};
			name = Release;
		};
		844124F21A0507050096DE83 /* Debug */ = {
			isa = XCBuildConfiguration;
			buildSettings = {
				ASSETCATALOG_COMPILER_APPICON_NAME = AppIcon;
				INFOPLIST_FILE = GawaNativeIos/Info.plist;
				LD_RUNPATH_SEARCH_PATHS = "$(inherited) @executable_path/Frameworks";
				PRODUCT_BUNDLE_IDENTIFIER = "com.tyfkda.$(PRODUCT_NAME:rfc1034identifier)";
				PRODUCT_NAME = "$(TARGET_NAME)";
				SWIFT_VERSION = 3.0;
			};
			name = Debug;
		};
		844124F31A0507050096DE83 /* Release */ = {
			isa = XCBuildConfiguration;
			buildSettings = {
				ASSETCATALOG_COMPILER_APPICON_NAME = AppIcon;
				INFOPLIST_FILE = GawaNativeIos/Info.plist;
				LD_RUNPATH_SEARCH_PATHS = "$(inherited) @executable_path/Frameworks";
				PRODUCT_BUNDLE_IDENTIFIER = "com.tyfkda.$(PRODUCT_NAME:rfc1034identifier)";
				PRODUCT_NAME = "$(TARGET_NAME)";
				SWIFT_VERSION = 3.0;
			};
			name = Release;
		};
		844124F51A0507050096DE83 /* Debug */ = {
			isa = XCBuildConfiguration;
			buildSettings = {
				BUNDLE_LOADER = "$(TEST_HOST)";
				FRAMEWORK_SEARCH_PATHS = (
					"$(SDKROOT)/Developer/Library/Frameworks",
					"$(inherited)",
				);
				GCC_PREPROCESSOR_DEFINITIONS = (
					"DEBUG=1",
					"$(inherited)",
				);
				INFOPLIST_FILE = GawaNativeIosTests/Info.plist;
				LD_RUNPATH_SEARCH_PATHS = "$(inherited) @executable_path/Frameworks @loader_path/Frameworks";
				PRODUCT_BUNDLE_IDENTIFIER = "com.tyfkda.$(PRODUCT_NAME:rfc1034identifier)";
				PRODUCT_NAME = "$(TARGET_NAME)";
				SWIFT_VERSION = 3.0;
				TEST_HOST = "$(BUILT_PRODUCTS_DIR)/GawaNativeIos.app/GawaNativeIos";
			};
			name = Debug;
		};
		844124F61A0507050096DE83 /* Release */ = {
			isa = XCBuildConfiguration;
			buildSettings = {
				BUNDLE_LOADER = "$(TEST_HOST)";
				FRAMEWORK_SEARCH_PATHS = (
					"$(SDKROOT)/Developer/Library/Frameworks",
					"$(inherited)",
				);
				INFOPLIST_FILE = GawaNativeIosTests/Info.plist;
				LD_RUNPATH_SEARCH_PATHS = "$(inherited) @executable_path/Frameworks @loader_path/Frameworks";
				PRODUCT_BUNDLE_IDENTIFIER = "com.tyfkda.$(PRODUCT_NAME:rfc1034identifier)";
				PRODUCT_NAME = "$(TARGET_NAME)";
				SWIFT_VERSION = 3.0;
				TEST_HOST = "$(BUILT_PRODUCTS_DIR)/GawaNativeIos.app/GawaNativeIos";
			};
			name = Release;
		};
/* End XCBuildConfiguration section */

/* Begin XCConfigurationList section */
		844124CD1A0507050096DE83 /* Build configuration list for PBXProject "GawaNativeIos" */ = {
			isa = XCConfigurationList;
			buildConfigurations = (
				844124EF1A0507050096DE83 /* Debug */,
				844124F01A0507050096DE83 /* Release */,
			);
			defaultConfigurationIsVisible = 0;
			defaultConfigurationName = Release;
		};
		844124F11A0507050096DE83 /* Build configuration list for PBXNativeTarget "GawaNativeIos" */ = {
			isa = XCConfigurationList;
			buildConfigurations = (
				844124F21A0507050096DE83 /* Debug */,
				844124F31A0507050096DE83 /* Release */,
			);
			defaultConfigurationIsVisible = 0;
			defaultConfigurationName = Release;
		};
		844124F41A0507050096DE83 /* Build configuration list for PBXNativeTarget "GawaNativeIosTests" */ = {
			isa = XCConfigurationList;
			buildConfigurations = (
				844124F51A0507050096DE83 /* Debug */,
				844124F61A0507050096DE83 /* Release */,
			);
			defaultConfigurationIsVisible = 0;
			defaultConfigurationName = Release;
		};
/* End XCConfigurationList section */
	};
	rootObject = 844124CA1A0507050096DE83 /* Project object */;
}
